
Microsoft Visual Studio Solution File, Format Version 12.00
# Visual Studio Version 16
VisualStudioVersion = 16.0.29123.88
MinimumVisualStudioVersion = 10.0.40219.1
Project("{9A19103F-16F7-4668-BE54-9A1E7A4F7556}") = "StellarClothing.Catalog.Api", "StellarClothing.Catalog.Api\StellarClothing.Catalog.Api.csproj", "{DC160169-33D5-4145-B34B-4007E75891CC}"
EndProject
Project("{9A19103F-16F7-4668-BE54-9A1E7A4F7556}") = "StellarClothing.Ordering.Api", "StellarClothing.Ordering.Api\StellarClothing.Ordering.Api.csproj", "{7635F169-005C-497A-9353-2D78001B40A1}"
EndProject
Project("{9A19103F-16F7-4668-BE54-9A1E7A4F7556}") = "StellarClothing.WebApp", "StellarClothing.WebApp\StellarClothing.WebApp.csproj", "{1C1F8ED9-3F72-41A5-840C-D809F4427E3C}"
EndProject
Project("{2150E333-8FDC-42A3-9474-1A3956D46DE8}") = "Services", "Services", "{B73C0822-59B6-4F68-967F-46CB52F7EAE9}"
EndProject
Project("{2150E333-8FDC-42A3-9474-1A3956D46DE8}") = "Web", "Web", "{D74EE96D-25D3-4D1C-9504-18ED0B5AB83B}"
EndProject
Project("{2150E333-8FDC-42A3-9474-1A3956D46DE8}") = "Catalog", "Catalog", "{4C928492-AB27-4D75-B9B1-401C912F1387}"
EndProject
Project("{2150E333-8FDC-42A3-9474-1A3956D46DE8}") = "BuildingBlocks", "BuildingBlocks", "{5FD7F88B-0E66-4B27-A3B5-E9A455BC15F3}"
EndProject
Project("{2150E333-8FDC-42A3-9474-1A3956D46DE8}") = "Ordering", "Ordering", "{C0D0F704-2039-493A-8945-D2AA37F1D734}"
EndProject
Project("{2150E333-8FDC-42A3-9474-1A3956D46DE8}") = "Identity", "Identity", "{ED26082E-67F4-4598-B89E-2EF9E91D5276}"
EndProject
Project("{2150E333-8FDC-42A3-9474-1A3956D46DE8}") = "Payment", "Payment", "{84F225A3-20EF-4908-8273-F5838C1C4091}"
EndProject
Project("{2150E333-8FDC-42A3-9474-1A3956D46DE8}") = "Shipping", "Shipping", "{B5CD82F6-21F8-458F-94E9-EFA0BF5CE352}"
EndProject
Project("{2150E333-8FDC-42A3-9474-1A3956D46DE8}") = "Inventory", "Inventory", "{2C1D9171-EB93-4109-B646-EB00A365318B}"
EndProject
Project("{2150E333-8FDC-42A3-9474-1A3956D46DE8}") = "Customer", "Customer", "{A7097C49-3DF8-4F52-AC57-D171DD485A55}"
EndProject
Project("{9A19103F-16F7-4668-BE54-9A1E7A4F7556}") = "StellarClothing.AdminApp", "StellarClothing.AdminApp\StellarClothing.AdminApp.csproj", "{FAE64E20-5148-4CB1-8CC4-75F3B85AF7C1}"
EndProject
Project("{2150E333-8FDC-42A3-9474-1A3956D46DE8}") = "Admin", "Admin", "{8425438C-AA35-4DED-A18A-353DA5EE038C}"
EndProject
Project("{2150E333-8FDC-42A3-9474-1A3956D46DE8}") = "Tests", "Tests", "{5B48F46D-BCC7-4750-80E7-48F3A89577DB}"
EndProject
Project("{2150E333-8FDC-42A3-9474-1A3956D46DE8}") = "Service Tests", "Service Tests", "{D6AD47B4-C5B2-48F6-A7EF-D39EFDF63E95}"
EndProject
Project("{9A19103F-16F7-4668-BE54-9A1E7A4F7556}") = "StellarClothing.Web.Common", "StellarClothing.Web.Common\StellarClothing.Web.Common.csproj", "{D5C6B366-5EAA-40D3-AF88-BAF7DC4224A6}"
EndProject
Project("{9A19103F-16F7-4668-BE54-9A1E7A4F7556}") = "StellarClothing.BuildingBlocks.Domain", "StellarClothing.BuildingBlocks.Common\StellarClothing.BuildingBlocks.Domain.csproj", "{B830223D-02FD-4C6B-85E6-5DC9D2E2A0DA}"
EndProject
Project("{E53339B2-1760-4266-BCC7-CA923CBCF16C}") = "docker-compose", "docker-compose.dcproj", "{9E076576-304B-4347-8525-2531A87D4EE9}"
	ProjectSection(ProjectDependencies) = postProject
		{20542E11-A36E-413F-8407-7C82830D06D8} = {20542E11-A36E-413F-8407-7C82830D06D8}
		{FAE64E20-5148-4CB1-8CC4-75F3B85AF7C1} = {FAE64E20-5148-4CB1-8CC4-75F3B85AF7C1}
		{B830223D-02FD-4C6B-85E6-5DC9D2E2A0DA} = {B830223D-02FD-4C6B-85E6-5DC9D2E2A0DA}
		{D5C6B366-5EAA-40D3-AF88-BAF7DC4224A6} = {D5C6B366-5EAA-40D3-AF88-BAF7DC4224A6}
		{7635F169-005C-497A-9353-2D78001B40A1} = {7635F169-005C-497A-9353-2D78001B40A1}
		{58420075-6E0D-4D43-A304-3CB120B6F7EB} = {58420075-6E0D-4D43-A304-3CB120B6F7EB}
		{693F1DAF-DEA5-4DBD-9071-2C9C9B4B66AD} = {693F1DAF-DEA5-4DBD-9071-2C9C9B4B66AD}
		{12FFABC7-F7A5-4F46-B3C4-37F509A5FAB4} = {12FFABC7-F7A5-4F46-B3C4-37F509A5FAB4}
		{32BFC8CB-BE9C-407E-B4BA-D2C338F9E838} = {32BFC8CB-BE9C-407E-B4BA-D2C338F9E838}
		{54B27ED4-A79C-4AFE-B1A0-AED6FCE0F99A} = {54B27ED4-A79C-4AFE-B1A0-AED6FCE0F99A}
		{14D1E0D6-65FA-4E46-B881-1CBFCE5E5F33} = {14D1E0D6-65FA-4E46-B881-1CBFCE5E5F33}
		{1C1F8ED9-3F72-41A5-840C-D809F4427E3C} = {1C1F8ED9-3F72-41A5-840C-D809F4427E3C}
		{467299FB-43D7-4CC7-8551-17327BDFE4CC} = {467299FB-43D7-4CC7-8551-17327BDFE4CC}
	EndProjectSection
EndProject
Project("{9A19103F-16F7-4668-BE54-9A1E7A4F7556}") = "StellarClothing.BuildingBlocks.Infrastructure", "StellarClothing.BuildingBlocks.Infrastructure\StellarClothing.BuildingBlocks.Infrastructure.csproj", "{54B27ED4-A79C-4AFE-B1A0-AED6FCE0F99A}"
EndProject
Project("{9A19103F-16F7-4668-BE54-9A1E7A4F7556}") = "StellarClothing.Admin.Api", "StellarClothing.Admin.Api\StellarClothing.Admin.Api.csproj", "{467299FB-43D7-4CC7-8551-17327BDFE4CC}"
EndProject
Project("{9A19103F-16F7-4668-BE54-9A1E7A4F7556}") = "StellarClothing.Customer.Api", "StellarClothing.Customer.Api\StellarClothing.Customer.Api.csproj", "{58420075-6E0D-4D43-A304-3CB120B6F7EB}"
EndProject
Project("{2150E333-8FDC-42A3-9474-1A3956D46DE8}") = "ShoppingCart", "ShoppingCart", "{980F3112-946B-4C60-82E6-FE8A68EEB440}"
EndProject
Project("{9A19103F-16F7-4668-BE54-9A1E7A4F7556}") = "StellarClothing.Identity.Api", "StellarClothing.Identity.Api\StellarClothing.Identity.Api.csproj", "{32BFC8CB-BE9C-407E-B4BA-D2C338F9E838}"
EndProject
Project("{9A19103F-16F7-4668-BE54-9A1E7A4F7556}") = "StellarClothing.Payment.Host", "StellarClothing.Payment.Host\StellarClothing.Payment.Host.csproj", "{12FFABC7-F7A5-4F46-B3C4-37F509A5FAB4}"
EndProject
Project("{9A19103F-16F7-4668-BE54-9A1E7A4F7556}") = "StellarClothing.Shipping.Host", "StellarClothing.Shipping.Host\StellarClothing.Shipping.Host.csproj", "{693F1DAF-DEA5-4DBD-9071-2C9C9B4B66AD}"
EndProject
Project("{9A19103F-16F7-4668-BE54-9A1E7A4F7556}") = "StellarClothing.ShoppingCart.Api", "StellarClothing.ShoppingCart.Api\StellarClothing.ShoppingCart.Api.csproj", "{20542E11-A36E-413F-8407-7C82830D06D8}"
EndProject
Project("{9A19103F-16F7-4668-BE54-9A1E7A4F7556}") = "StelllarClothing.Inventory.Api", "StelllarClothing.Inventory.Api\StelllarClothing.Inventory.Api.csproj", "{14D1E0D6-65FA-4E46-B881-1CBFCE5E5F33}"
EndProject
Global
	GlobalSection(SolutionConfigurationPlatforms) = preSolution
		Debug|Any CPU = Debug|Any CPU
		Release|Any CPU = Release|Any CPU
	EndGlobalSection
	GlobalSection(ProjectConfigurationPlatforms) = postSolution
		{DC160169-33D5-4145-B34B-4007E75891CC}.Debug|Any CPU.ActiveCfg = Debug|Any CPU
		{DC160169-33D5-4145-B34B-4007E75891CC}.Debug|Any CPU.Build.0 = Debug|Any CPU
		{DC160169-33D5-4145-B34B-4007E75891CC}.Release|Any CPU.ActiveCfg = Release|Any CPU
		{DC160169-33D5-4145-B34B-4007E75891CC}.Release|Any CPU.Build.0 = Release|Any CPU
		{7635F169-005C-497A-9353-2D78001B40A1}.Debug|Any CPU.ActiveCfg = Debug|Any CPU
		{7635F169-005C-497A-9353-2D78001B40A1}.Debug|Any CPU.Build.0 = Debug|Any CPU
		{7635F169-005C-497A-9353-2D78001B40A1}.Release|Any CPU.ActiveCfg = Release|Any CPU
		{7635F169-005C-497A-9353-2D78001B40A1}.Release|Any CPU.Build.0 = Release|Any CPU
		{1C1F8ED9-3F72-41A5-840C-D809F4427E3C}.Debug|Any CPU.ActiveCfg = Debug|Any CPU
		{1C1F8ED9-3F72-41A5-840C-D809F4427E3C}.Debug|Any CPU.Build.0 = Debug|Any CPU
		{1C1F8ED9-3F72-41A5-840C-D809F4427E3C}.Release|Any CPU.ActiveCfg = Release|Any CPU
		{1C1F8ED9-3F72-41A5-840C-D809F4427E3C}.Release|Any CPU.Build.0 = Release|Any CPU
		{FAE64E20-5148-4CB1-8CC4-75F3B85AF7C1}.Debug|Any CPU.ActiveCfg = Debug|Any CPU
		{FAE64E20-5148-4CB1-8CC4-75F3B85AF7C1}.Debug|Any CPU.Build.0 = Debug|Any CPU
		{FAE64E20-5148-4CB1-8CC4-75F3B85AF7C1}.Release|Any CPU.ActiveCfg = Release|Any CPU
		{FAE64E20-5148-4CB1-8CC4-75F3B85AF7C1}.Release|Any CPU.Build.0 = Release|Any CPU
		{D5C6B366-5EAA-40D3-AF88-BAF7DC4224A6}.Debug|Any CPU.ActiveCfg = Debug|Any CPU
		{D5C6B366-5EAA-40D3-AF88-BAF7DC4224A6}.Debug|Any CPU.Build.0 = Debug|Any CPU
		{D5C6B366-5EAA-40D3-AF88-BAF7DC4224A6}.Release|Any CPU.ActiveCfg = Release|Any CPU
		{D5C6B366-5EAA-40D3-AF88-BAF7DC4224A6}.Release|Any CPU.Build.0 = Release|Any CPU
		{B830223D-02FD-4C6B-85E6-5DC9D2E2A0DA}.Debug|Any CPU.ActiveCfg = Debug|Any CPU
		{B830223D-02FD-4C6B-85E6-5DC9D2E2A0DA}.Debug|Any CPU.Build.0 = Debug|Any CPU
		{B830223D-02FD-4C6B-85E6-5DC9D2E2A0DA}.Release|Any CPU.ActiveCfg = Release|Any CPU
		{B830223D-02FD-4C6B-85E6-5DC9D2E2A0DA}.Release|Any CPU.Build.0 = Release|Any CPU
		{9E076576-304B-4347-8525-2531A87D4EE9}.Debug|Any CPU.ActiveCfg = Debug|Any CPU
		{9E076576-304B-4347-8525-2531A87D4EE9}.Debug|Any CPU.Build.0 = Debug|Any CPU
		{9E076576-304B-4347-8525-2531A87D4EE9}.Release|Any CPU.ActiveCfg = Release|Any CPU
		{9E076576-304B-4347-8525-2531A87D4EE9}.Release|Any CPU.Build.0 = Release|Any CPU
		{54B27ED4-A79C-4AFE-B1A0-AED6FCE0F99A}.Debug|Any CPU.ActiveCfg = Debug|Any CPU
		{54B27ED4-A79C-4AFE-B1A0-AED6FCE0F99A}.Debug|Any CPU.Build.0 = Debug|Any CPU
		{54B27ED4-A79C-4AFE-B1A0-AED6FCE0F99A}.Release|Any CPU.ActiveCfg = Release|Any CPU
		{54B27ED4-A79C-4AFE-B1A0-AED6FCE0F99A}.Release|Any CPU.Build.0 = Release|Any CPU
		{467299FB-43D7-4CC7-8551-17327BDFE4CC}.Debug|Any CPU.ActiveCfg = Debug|Any CPU
		{467299FB-43D7-4CC7-8551-17327BDFE4CC}.Debug|Any CPU.Build.0 = Debug|Any CPU
		{467299FB-43D7-4CC7-8551-17327BDFE4CC}.Release|Any CPU.ActiveCfg = Release|Any CPU
		{467299FB-43D7-4CC7-8551-17327BDFE4CC}.Release|Any CPU.Build.0 = Release|Any CPU
		{58420075-6E0D-4D43-A304-3CB120B6F7EB}.Debug|Any CPU.ActiveCfg = Debug|Any CPU
		{58420075-6E0D-4D43-A304-3CB120B6F7EB}.Debug|Any CPU.Build.0 = Debug|Any CPU
		{58420075-6E0D-4D43-A304-3CB120B6F7EB}.Release|Any CPU.ActiveCfg = Release|Any CPU
		{58420075-6E0D-4D43-A304-3CB120B6F7EB}.Release|Any CPU.Build.0 = Release|Any CPU
		{32BFC8CB-BE9C-407E-B4BA-D2C338F9E838}.Debug|Any CPU.ActiveCfg = Debug|Any CPU
		{32BFC8CB-BE9C-407E-B4BA-D2C338F9E838}.Debug|Any CPU.Build.0 = Debug|Any CPU
		{32BFC8CB-BE9C-407E-B4BA-D2C338F9E838}.Release|Any CPU.ActiveCfg = Release|Any CPU
		{32BFC8CB-BE9C-407E-B4BA-D2C338F9E838}.Release|Any CPU.Build.0 = Release|Any CPU
		{12FFABC7-F7A5-4F46-B3C4-37F509A5FAB4}.Debug|Any CPU.ActiveCfg = Debug|Any CPU
		{12FFABC7-F7A5-4F46-B3C4-37F509A5FAB4}.Debug|Any CPU.Build.0 = Debug|Any CPU
		{12FFABC7-F7A5-4F46-B3C4-37F509A5FAB4}.Release|Any CPU.ActiveCfg = Release|Any CPU
		{12FFABC7-F7A5-4F46-B3C4-37F509A5FAB4}.Release|Any CPU.Build.0 = Release|Any CPU
		{693F1DAF-DEA5-4DBD-9071-2C9C9B4B66AD}.Debug|Any CPU.ActiveCfg = Debug|Any CPU
		{693F1DAF-DEA5-4DBD-9071-2C9C9B4B66AD}.Debug|Any CPU.Build.0 = Debug|Any CPU
		{693F1DAF-DEA5-4DBD-9071-2C9C9B4B66AD}.Release|Any CPU.ActiveCfg = Release|Any CPU
		{693F1DAF-DEA5-4DBD-9071-2C9C9B4B66AD}.Release|Any CPU.Build.0 = Release|Any CPU
		{20542E11-A36E-413F-8407-7C82830D06D8}.Debug|Any CPU.ActiveCfg = Debug|Any CPU
		{20542E11-A36E-413F-8407-7C82830D06D8}.Debug|Any CPU.Build.0 = Debug|Any CPU
		{20542E11-A36E-413F-8407-7C82830D06D8}.Release|Any CPU.ActiveCfg = Release|Any CPU
		{20542E11-A36E-413F-8407-7C82830D06D8}.Release|Any CPU.Build.0 = Release|Any CPU
		{14D1E0D6-65FA-4E46-B881-1CBFCE5E5F33}.Debug|Any CPU.ActiveCfg = Debug|Any CPU
		{14D1E0D6-65FA-4E46-B881-1CBFCE5E5F33}.Debug|Any CPU.Build.0 = Debug|Any CPU
		{14D1E0D6-65FA-4E46-B881-1CBFCE5E5F33}.Release|Any CPU.ActiveCfg = Release|Any CPU
		{14D1E0D6-65FA-4E46-B881-1CBFCE5E5F33}.Release|Any CPU.Build.0 = Release|Any CPU
	EndGlobalSection
	GlobalSection(SolutionProperties) = preSolution
		HideSolutionNode = FALSE
	EndGlobalSection
	GlobalSection(NestedProjects) = preSolution
		{DC160169-33D5-4145-B34B-4007E75891CC} = {4C928492-AB27-4D75-B9B1-401C912F1387}
		{7635F169-005C-497A-9353-2D78001B40A1} = {C0D0F704-2039-493A-8945-D2AA37F1D734}
		{1C1F8ED9-3F72-41A5-840C-D809F4427E3C} = {D74EE96D-25D3-4D1C-9504-18ED0B5AB83B}
		{4C928492-AB27-4D75-B9B1-401C912F1387} = {B73C0822-59B6-4F68-967F-46CB52F7EAE9}
		{C0D0F704-2039-493A-8945-D2AA37F1D734} = {B73C0822-59B6-4F68-967F-46CB52F7EAE9}
		{ED26082E-67F4-4598-B89E-2EF9E91D5276} = {B73C0822-59B6-4F68-967F-46CB52F7EAE9}
		{84F225A3-20EF-4908-8273-F5838C1C4091} = {B73C0822-59B6-4F68-967F-46CB52F7EAE9}
		{B5CD82F6-21F8-458F-94E9-EFA0BF5CE352} = {B73C0822-59B6-4F68-967F-46CB52F7EAE9}
		{2C1D9171-EB93-4109-B646-EB00A365318B} = {B73C0822-59B6-4F68-967F-46CB52F7EAE9}
		{A7097C49-3DF8-4F52-AC57-D171DD485A55} = {B73C0822-59B6-4F68-967F-46CB52F7EAE9}
		{FAE64E20-5148-4CB1-8CC4-75F3B85AF7C1} = {D74EE96D-25D3-4D1C-9504-18ED0B5AB83B}
		{8425438C-AA35-4DED-A18A-353DA5EE038C} = {B73C0822-59B6-4F68-967F-46CB52F7EAE9}
		{D6AD47B4-C5B2-48F6-A7EF-D39EFDF63E95} = {5B48F46D-BCC7-4750-80E7-48F3A89577DB}
		{D5C6B366-5EAA-40D3-AF88-BAF7DC4224A6} = {D74EE96D-25D3-4D1C-9504-18ED0B5AB83B}
		{B830223D-02FD-4C6B-85E6-5DC9D2E2A0DA} = {5FD7F88B-0E66-4B27-A3B5-E9A455BC15F3}
		{54B27ED4-A79C-4AFE-B1A0-AED6FCE0F99A} = {5FD7F88B-0E66-4B27-A3B5-E9A455BC15F3}
		{467299FB-43D7-4CC7-8551-17327BDFE4CC} = {8425438C-AA35-4DED-A18A-353DA5EE038C}
		{58420075-6E0D-4D43-A304-3CB120B6F7EB} = {A7097C49-3DF8-4F52-AC57-D171DD485A55}
		{980F3112-946B-4C60-82E6-FE8A68EEB440} = {B73C0822-59B6-4F68-967F-46CB52F7EAE9}
		{32BFC8CB-BE9C-407E-B4BA-D2C338F9E838} = {ED26082E-67F4-4598-B89E-2EF9E91D5276}
		{12FFABC7-F7A5-4F46-B3C4-37F509A5FAB4} = {84F225A3-20EF-4908-8273-F5838C1C4091}
		{693F1DAF-DEA5-4DBD-9071-2C9C9B4B66AD} = {B5CD82F6-21F8-458F-94E9-EFA0BF5CE352}
		{20542E11-A36E-413F-8407-7C82830D06D8} = {980F3112-946B-4C60-82E6-FE8A68EEB440}
		{14D1E0D6-65FA-4E46-B881-1CBFCE5E5F33} = {2C1D9171-EB93-4109-B646-EB00A365318B}
	EndGlobalSection
	GlobalSection(ExtensibilityGlobals) = postSolution
		SolutionGuid = {4B632465-25A9-4319-83DB-4230F1A47BC6}
	EndGlobalSection
EndGlobal
